
Microsoft Visual Studio Solution File, Format Version 12.00
# Visual Studio Version 16
VisualStudioVersion = 16.0.30204.135
MinimumVisualStudioVersion = 10.0.40219.1
Project("{2150E333-8FDC-42A3-9474-1A3956D46DE8}") = "src", "src", "{DCE0FA8D-0A02-41D2-8706-34C57B20C286}"
EndProject
Project("{2150E333-8FDC-42A3-9474-1A3956D46DE8}") = "Building Blocks", "Building Blocks", "{4A80CD46-E5BF-4906-807F-6D0928CC03DE}"
EndProject
Project("{2150E333-8FDC-42A3-9474-1A3956D46DE8}") = "Services", "Services", "{B18D46CF-9BB7-4786-82F9-35A4B407BD37}"
EndProject
Project("{2150E333-8FDC-42A3-9474-1A3956D46DE8}") = "Web", "Web", "{16B67EF3-B60E-481E-A21E-1B24992306A8}"
EndProject
Project("{2150E333-8FDC-42A3-9474-1A3956D46DE8}") = "Identidade", "Identidade", "{F3233A74-46E4-40B1-89C5-8E298ED2818B}"
EndProject
Project("{FAE04EC0-301F-11D3-BF4B-00C04F79EFBC}") = "PLT.Identidade.API", "src\services\PLT.Identidade.API\PLT.Identidade.API.csproj", "{39516B1C-7142-4E4B-86CF-D995796BABA3}"
EndProject
Project("{2150E333-8FDC-42A3-9474-1A3956D46DE8}") = "MVC", "MVC", "{DF5E31C4-EE5E-4EFD-9AC3-821283EABB36}"
EndProject
Project("{FAE04EC0-301F-11D3-BF4B-00C04F79EFBC}") = "PLT.WebApp.MVC", "src\web\PLT.WebApp.MVC\PLT.WebApp.MVC.csproj", "{EE5F0170-98CF-4F95-9141-9957D09E9E57}"
EndProject
Project("{2150E333-8FDC-42A3-9474-1A3956D46DE8}") = "Cliente", "Cliente", "{B4914F23-DB55-4491-98E9-305A88FB31D1}"
EndProject
Project("{FAE04EC0-301F-11D3-BF4B-00C04F79EFBC}") = "PLT.Cliente.API", "src\services\PLT.Cliente.API\PLT.Cliente.API.csproj", "{97786ED5-8DF1-478C-BABF-577537A1CDCB}"
EndProject
Project("{2150E333-8FDC-42A3-9474-1A3956D46DE8}") = "Core", "Core", "{6B5A84B7-3747-4D87-8884-15EAA87A056F}"
EndProject
Project("{FAE04EC0-301F-11D3-BF4B-00C04F79EFBC}") = "PLT.Core", "PLT.Core\PLT.Core.csproj", "{E23FE946-3A60-4440-A254-DAB8C3ADE8BE}"
EndProject
Global
	GlobalSection(SolutionConfigurationPlatforms) = preSolution
		Debug|Any CPU = Debug|Any CPU
		Release|Any CPU = Release|Any CPU
	EndGlobalSection
	GlobalSection(ProjectConfigurationPlatforms) = postSolution
		{39516B1C-7142-4E4B-86CF-D995796BABA3}.Debug|Any CPU.ActiveCfg = Debug|Any CPU
		{39516B1C-7142-4E4B-86CF-D995796BABA3}.Debug|Any CPU.Build.0 = Debug|Any CPU
		{39516B1C-7142-4E4B-86CF-D995796BABA3}.Release|Any CPU.ActiveCfg = Release|Any CPU
		{39516B1C-7142-4E4B-86CF-D995796BABA3}.Release|Any CPU.Build.0 = Release|Any CPU
		{EE5F0170-98CF-4F95-9141-9957D09E9E57}.Debug|Any CPU.ActiveCfg = Debug|Any CPU
		{EE5F0170-98CF-4F95-9141-9957D09E9E57}.Debug|Any CPU.Build.0 = Debug|Any CPU
		{EE5F0170-98CF-4F95-9141-9957D09E9E57}.Release|Any CPU.ActiveCfg = Release|Any CPU
		{EE5F0170-98CF-4F95-9141-9957D09E9E57}.Release|Any CPU.Build.0 = Release|Any CPU
		{97786ED5-8DF1-478C-BABF-577537A1CDCB}.Debug|Any CPU.ActiveCfg = Debug|Any CPU
		{97786ED5-8DF1-478C-BABF-577537A1CDCB}.Debug|Any CPU.Build.0 = Debug|Any CPU
		{97786ED5-8DF1-478C-BABF-577537A1CDCB}.Release|Any CPU.ActiveCfg = Release|Any CPU
		{97786ED5-8DF1-478C-BABF-577537A1CDCB}.Release|Any CPU.Build.0 = Release|Any CPU
		{E23FE946-3A60-4440-A254-DAB8C3ADE8BE}.Debug|Any CPU.ActiveCfg = Debug|Any CPU
		{E23FE946-3A60-4440-A254-DAB8C3ADE8BE}.Debug|Any CPU.Build.0 = Debug|Any CPU
		{E23FE946-3A60-4440-A254-DAB8C3ADE8BE}.Release|Any CPU.ActiveCfg = Release|Any CPU
		{E23FE946-3A60-4440-A254-DAB8C3ADE8BE}.Release|Any CPU.Build.0 = Release|Any CPU
	EndGlobalSection
	GlobalSection(SolutionProperties) = preSolution
		HideSolutionNode = FALSE
	EndGlobalSection
	GlobalSection(NestedProjects) = preSolution
		{4A80CD46-E5BF-4906-807F-6D0928CC03DE} = {DCE0FA8D-0A02-41D2-8706-34C57B20C286}
		{B18D46CF-9BB7-4786-82F9-35A4B407BD37} = {DCE0FA8D-0A02-41D2-8706-34C57B20C286}
		{16B67EF3-B60E-481E-A21E-1B24992306A8} = {DCE0FA8D-0A02-41D2-8706-34C57B20C286}
		{F3233A74-46E4-40B1-89C5-8E298ED2818B} = {B18D46CF-9BB7-4786-82F9-35A4B407BD37}
		{39516B1C-7142-4E4B-86CF-D995796BABA3} = {F3233A74-46E4-40B1-89C5-8E298ED2818B}
		{DF5E31C4-EE5E-4EFD-9AC3-821283EABB36} = {16B67EF3-B60E-481E-A21E-1B24992306A8}
		{EE5F0170-98CF-4F95-9141-9957D09E9E57} = {DF5E31C4-EE5E-4EFD-9AC3-821283EABB36}
		{B4914F23-DB55-4491-98E9-305A88FB31D1} = {B18D46CF-9BB7-4786-82F9-35A4B407BD37}
		{97786ED5-8DF1-478C-BABF-577537A1CDCB} = {B4914F23-DB55-4491-98E9-305A88FB31D1}
		{6B5A84B7-3747-4D87-8884-15EAA87A056F} = {4A80CD46-E5BF-4906-807F-6D0928CC03DE}
		{E23FE946-3A60-4440-A254-DAB8C3ADE8BE} = {6B5A84B7-3747-4D87-8884-15EAA87A056F}
	EndGlobalSection
	GlobalSection(ExtensibilityGlobals) = postSolution
		SolutionGuid = {0C63D766-F613-4FB0-B6D4-5919A7C6B43D}
	EndGlobalSection
EndGlobal
